// !$*UTF8*$!
{
	archiveVersion = 1;
	classes = {
	};
	objectVersion = 46;
	objects = {

/* Begin PBXBuildFile section */
		35B2D23C1B841944002F262D /* main.m in Sources */ = {isa = PBXBuildFile; fileRef = 35B2D23B1B841944002F262D /* main.m */; };
		35B2D23F1B841944002F262D /* AppDelegate.m in Sources */ = {isa = PBXBuildFile; fileRef = 35B2D23E1B841944002F262D /* AppDelegate.m */; };
		35B2D2411B841944002F262D /* Images.xcassets in Resources */ = {isa = PBXBuildFile; fileRef = 35B2D2401B841944002F262D /* Images.xcassets */; };
		35B2D2441B841944002F262D /* LaunchScreen.xib in Resources */ = {isa = PBXBuildFile; fileRef = 35B2D2421B841944002F262D /* LaunchScreen.xib */; };
		35B2D2501B841944002F262D /* HypnoNerdTests.m in Sources */ = {isa = PBXBuildFile; fileRef = 35B2D24F1B841944002F262D /* HypnoNerdTests.m */; };
		35B2D25B1B84196A002F262D /* BNRHypnosisView.m in Sources */ = {isa = PBXBuildFile; fileRef = 35B2D25A1B84196A002F262D /* BNRHypnosisView.m */; };
		35B2D25E1B841A67002F262D /* BNRHypnosisViewController.m in Sources */ = {isa = PBXBuildFile; fileRef = 35B2D25D1B841A67002F262D /* BNRHypnosisViewController.m */; };
		35B2D2611B841EFD002F262D /* BNRReminderViewController.m in Sources */ = {isa = PBXBuildFile; fileRef = 35B2D2601B841EFD002F262D /* BNRReminderViewController.m */; };
		35B2D2631B84CEAC002F262D /* BNRReminderViewController.xib in Resources */ = {isa = PBXBuildFile; fileRef = 35B2D2621B84CEAC002F262D /* BNRReminderViewController.xib */; };
		35B2D2681B84D37B002F262D /* Hypno.png in Resources */ = {isa = PBXBuildFile; fileRef = 35B2D2641B84D37B002F262D /* Hypno.png */; };
		35B2D2691B84D37B002F262D /* Hypno@2x.png in Resources */ = {isa = PBXBuildFile; fileRef = 35B2D2651B84D37B002F262D /* Hypno@2x.png */; };
		35B2D26A1B84D37B002F262D /* Time.png in Resources */ = {isa = PBXBuildFile; fileRef = 35B2D2661B84D37B002F262D /* Time.png */; };
		35B2D26B1B84D37B002F262D /* Time@2x.png in Resources */ = {isa = PBXBuildFile; fileRef = 35B2D2671B84D37B002F262D /* Time@2x.png */; };
		35B2D2721B84E138002F262D /* BNRQuizViewController.m in Sources */ = {isa = PBXBuildFile; fileRef = 35B2D2701B84E138002F262D /* BNRQuizViewController.m */; };
		35B2D2731B84E138002F262D /* BNRQuizViewController.xib in Resources */ = {isa = PBXBuildFile; fileRef = 35B2D2711B84E138002F262D /* BNRQuizViewController.xib */; };
/* End PBXBuildFile section */

/* Begin PBXContainerItemProxy section */
		35B2D24A1B841944002F262D /* PBXContainerItemProxy */ = {
			isa = PBXContainerItemProxy;
			containerPortal = 35B2D22E1B841944002F262D /* Project object */;
			proxyType = 1;
			remoteGlobalIDString = 35B2D2351B841944002F262D;
			remoteInfo = HypnoNerd;
		};
/* End PBXContainerItemProxy section */

/* Begin PBXFileReference section */
		35B2D2361B841944002F262D /* HypnoNerd.app */ = {isa = PBXFileReference; explicitFileType = wrapper.application; includeInIndex = 0; path = HypnoNerd.app; sourceTree = BUILT_PRODUCTS_DIR; };
		35B2D23A1B841944002F262D /* Info.plist */ = {isa = PBXFileReference; lastKnownFileType = text.plist.xml; path = Info.plist; sourceTree = "<group>"; };
		35B2D23B1B841944002F262D /* main.m */ = {isa = PBXFileReference; lastKnownFileType = sourcecode.c.objc; path = main.m; sourceTree = "<group>"; };
		35B2D23D1B841944002F262D /* AppDelegate.h */ = {isa = PBXFileReference; lastKnownFileType = sourcecode.c.h; path = AppDelegate.h; sourceTree = "<group>"; };
		35B2D23E1B841944002F262D /* AppDelegate.m */ = {isa = PBXFileReference; lastKnownFileType = sourcecode.c.objc; path = AppDelegate.m; sourceTree = "<group>"; };
		35B2D2401B841944002F262D /* Images.xcassets */ = {isa = PBXFileReference; lastKnownFileType = folder.assetcatalog; path = Images.xcassets; sourceTree = "<group>"; };
		35B2D2431B841944002F262D /* Base */ = {isa = PBXFileReference; lastKnownFileType = file.xib; name = Base; path = Base.lproj/LaunchScreen.xib; sourceTree = "<group>"; };
		35B2D2491B841944002F262D /* HypnoNerdTests.xctest */ = {isa = PBXFileReference; explicitFileType = wrapper.cfbundle; includeInIndex = 0; path = HypnoNerdTests.xctest; sourceTree = BUILT_PRODUCTS_DIR; };
		35B2D24E1B841944002F262D /* Info.plist */ = {isa = PBXFileReference; lastKnownFileType = text.plist.xml; path = Info.plist; sourceTree = "<group>"; };
		35B2D24F1B841944002F262D /* HypnoNerdTests.m */ = {isa = PBXFileReference; lastKnownFileType = sourcecode.c.objc; path = HypnoNerdTests.m; sourceTree = "<group>"; };
		35B2D2591B84196A002F262D /* BNRHypnosisView.h */ = {isa = PBXFileReference; fileEncoding = 4; lastKnownFileType = sourcecode.c.h; path = BNRHypnosisView.h; sourceTree = "<group>"; };
		35B2D25A1B84196A002F262D /* BNRHypnosisView.m */ = {isa = PBXFileReference; fileEncoding = 4; lastKnownFileType = sourcecode.c.objc; path = BNRHypnosisView.m; sourceTree = "<group>"; };
		35B2D25C1B841A67002F262D /* BNRHypnosisViewController.h */ = {isa = PBXFileReference; fileEncoding = 4; lastKnownFileType = sourcecode.c.h; path = BNRHypnosisViewController.h; sourceTree = "<group>"; };
		35B2D25D1B841A67002F262D /* BNRHypnosisViewController.m */ = {isa = PBXFileReference; fileEncoding = 4; lastKnownFileType = sourcecode.c.objc; path = BNRHypnosisViewController.m; sourceTree = "<group>"; };
		35B2D25F1B841EFD002F262D /* BNRReminderViewController.h */ = {isa = PBXFileReference; fileEncoding = 4; lastKnownFileType = sourcecode.c.h; path = BNRReminderViewController.h; sourceTree = "<group>"; };
		35B2D2601B841EFD002F262D /* BNRReminderViewController.m */ = {isa = PBXFileReference; fileEncoding = 4; lastKnownFileType = sourcecode.c.objc; path = BNRReminderViewController.m; sourceTree = "<group>"; };
		35B2D2621B84CEAC002F262D /* BNRReminderViewController.xib */ = {isa = PBXFileReference; fileEncoding = 4; lastKnownFileType = file.xib; path = BNRReminderViewController.xib; sourceTree = "<group>"; };
		35B2D2641B84D37B002F262D /* Hypno.png */ = {isa = PBXFileReference; lastKnownFileType = image.png; path = Hypno.png; sourceTree = "<group>"; };
		35B2D2651B84D37B002F262D /* Hypno@2x.png */ = {isa = PBXFileReference; lastKnownFileType = image.png; path = "Hypno@2x.png"; sourceTree = "<group>"; };
		35B2D2661B84D37B002F262D /* Time.png */ = {isa = PBXFileReference; lastKnownFileType = image.png; path = Time.png; sourceTree = "<group>"; };
		35B2D2671B84D37B002F262D /* Time@2x.png */ = {isa = PBXFileReference; lastKnownFileType = image.png; path = "Time@2x.png"; sourceTree = "<group>"; };
		35B2D26F1B84E138002F262D /* BNRQuizViewController.h */ = {isa = PBXFileReference; fileEncoding = 4; lastKnownFileType = sourcecode.c.h; path = BNRQuizViewController.h; sourceTree = "<group>"; };
		35B2D2701B84E138002F262D /* BNRQuizViewController.m */ = {isa = PBXFileReference; fileEncoding = 4; lastKnownFileType = sourcecode.c.objc; path = BNRQuizViewController.m; sourceTree = "<group>"; };
		35B2D2711B84E138002F262D /* BNRQuizViewController.xib */ = {isa = PBXFileReference; fileEncoding = 4; lastKnownFileType = file.xib; path = BNRQuizViewController.xib; sourceTree = "<group>"; };
/* End PBXFileReference section */

/* Begin PBXFrameworksBuildPhase section */
		35B2D2331B841944002F262D /* Frameworks */ = {
			isa = PBXFrameworksBuildPhase;
			buildActionMask = 2147483647;
			files = (
			);
			runOnlyForDeploymentPostprocessing = 0;
		};
		35B2D2461B841944002F262D /* Frameworks */ = {
			isa = PBXFrameworksBuildPhase;
			buildActionMask = 2147483647;
			files = (
			);
			runOnlyForDeploymentPostprocessing = 0;
		};
/* End PBXFrameworksBuildPhase section */

/* Begin PBXGroup section */
		35B2D22D1B841944002F262D = {
			isa = PBXGroup;
			children = (
				35B2D2381B841944002F262D /* HypnoNerd */,
				35B2D24C1B841944002F262D /* HypnoNerdTests */,
				35B2D2371B841944002F262D /* Products */,
			);
			sourceTree = "<group>";
		};
		35B2D2371B841944002F262D /* Products */ = {
			isa = PBXGroup;
			children = (
				35B2D2361B841944002F262D /* HypnoNerd.app */,
				35B2D2491B841944002F262D /* HypnoNerdTests.xctest */,
			);
			name = Products;
			sourceTree = "<group>";
		};
		35B2D2381B841944002F262D /* HypnoNerd */ = {
			isa = PBXGroup;
			children = (
				35B2D23D1B841944002F262D /* AppDelegate.h */,
				35B2D2591B84196A002F262D /* BNRHypnosisView.h */,
				35B2D25C1B841A67002F262D /* BNRHypnosisViewController.h */,
				35B2D25F1B841EFD002F262D /* BNRReminderViewController.h */,
				35B2D26F1B84E138002F262D /* BNRQuizViewController.h */,
				35B2D2621B84CEAC002F262D /* BNRReminderViewController.xib */,
				35B2D2711B84E138002F262D /* BNRQuizViewController.xib */,
				35B2D2401B841944002F262D /* Images.xcassets */,
				35B2D23E1B841944002F262D /* AppDelegate.m */,
				35B2D25A1B84196A002F262D /* BNRHypnosisView.m */,
				35B2D25D1B841A67002F262D /* BNRHypnosisViewController.m */,
				35B2D2601B841EFD002F262D /* BNRReminderViewController.m */,
				35B2D2701B84E138002F262D /* BNRQuizViewController.m */,
				35B2D2421B841944002F262D /* LaunchScreen.xib */,
				35B2D2641B84D37B002F262D /* Hypno.png */,
				35B2D2651B84D37B002F262D /* Hypno@2x.png */,
				35B2D2661B84D37B002F262D /* Time.png */,
				35B2D2671B84D37B002F262D /* Time@2x.png */,
				35B2D2391B841944002F262D /* Supporting Files */,
			);
			path = HypnoNerd;
			sourceTree = "<group>";
		};
		35B2D2391B841944002F262D /* Supporting Files */ = {
			isa = PBXGroup;
			children = (
				35B2D23A1B841944002F262D /* Info.plist */,
				35B2D23B1B841944002F262D /* main.m */,
			);
			name = "Supporting Files";
			sourceTree = "<group>";
		};
		35B2D24C1B841944002F262D /* HypnoNerdTests */ = {
			isa = PBXGroup;
			children = (
				35B2D24F1B841944002F262D /* HypnoNerdTests.m */,
				35B2D24D1B841944002F262D /* Supporting Files */,
			);
			path = HypnoNerdTests;
			sourceTree = "<group>";
		};
		35B2D24D1B841944002F262D /* Supporting Files */ = {
			isa = PBXGroup;
			children = (
				35B2D24E1B841944002F262D /* Info.plist */,
			);
			name = "Supporting Files";
			sourceTree = "<group>";
		};
/* End PBXGroup section */

/* Begin PBXNativeTarget section */
		35B2D2351B841944002F262D /* HypnoNerd */ = {
			isa = PBXNativeTarget;
			buildConfigurationList = 35B2D2531B841944002F262D /* Build configuration list for PBXNativeTarget "HypnoNerd" */;
			buildPhases = (
				35B2D2321B841944002F262D /* Sources */,
				35B2D2331B841944002F262D /* Frameworks */,
				35B2D2341B841944002F262D /* Resources */,
			);
			buildRules = (
			);
			dependencies = (
			);
			name = HypnoNerd;
			productName = HypnoNerd;
			productReference = 35B2D2361B841944002F262D /* HypnoNerd.app */;
			productType = "com.apple.product-type.application";
		};
		35B2D2481B841944002F262D /* HypnoNerdTests */ = {
			isa = PBXNativeTarget;
			buildConfigurationList = 35B2D2561B841944002F262D /* Build configuration list for PBXNativeTarget "HypnoNerdTests" */;
			buildPhases = (
				35B2D2451B841944002F262D /* Sources */,
				35B2D2461B841944002F262D /* Frameworks */,
				35B2D2471B841944002F262D /* Resources */,
			);
			buildRules = (
			);
			dependencies = (
				35B2D24B1B841944002F262D /* PBXTargetDependency */,
			);
			name = HypnoNerdTests;
			productName = HypnoNerdTests;
			productReference = 35B2D2491B841944002F262D /* HypnoNerdTests.xctest */;
			productType = "com.apple.product-type.bundle.unit-test";
		};
/* End PBXNativeTarget section */

/* Begin PBXProject section */
		35B2D22E1B841944002F262D /* Project object */ = {
			isa = PBXProject;
			attributes = {
				LastUpgradeCheck = 0640;
				ORGANIZATIONNAME = "Regnier Design";
				TargetAttributes = {
					35B2D2351B841944002F262D = {
						CreatedOnToolsVersion = 6.4;
					};
					35B2D2481B841944002F262D = {
						CreatedOnToolsVersion = 6.4;
						TestTargetID = 35B2D2351B841944002F262D;
					};
				};
			};
			buildConfigurationList = 35B2D2311B841944002F262D /* Build configuration list for PBXProject "HypnoNerd" */;
			compatibilityVersion = "Xcode 3.2";
			developmentRegion = English;
			hasScannedForEncodings = 0;
			knownRegions = (
				en,
				Base,
			);
			mainGroup = 35B2D22D1B841944002F262D;
			productRefGroup = 35B2D2371B841944002F262D /* Products */;
			projectDirPath = "";
			projectRoot = "";
			targets = (
				35B2D2351B841944002F262D /* HypnoNerd */,
				35B2D2481B841944002F262D /* HypnoNerdTests */,
			);
		};
/* End PBXProject section */

/* Begin PBXResourcesBuildPhase section */
		35B2D2341B841944002F262D /* Resources */ = {
			isa = PBXResourcesBuildPhase;
			buildActionMask = 2147483647;
			files = (
				35B2D26B1B84D37B002F262D /* Time@2x.png in Resources */,
				35B2D26A1B84D37B002F262D /* Time.png in Resources */,
				35B2D2631B84CEAC002F262D /* BNRReminderViewController.xib in Resources */,
				35B2D2441B841944002F262D /* LaunchScreen.xib in Resources */,
				35B2D2731B84E138002F262D /* BNRQuizViewController.xib in Resources */,
				35B2D2681B84D37B002F262D /* Hypno.png in Resources */,
				35B2D2691B84D37B002F262D /* Hypno@2x.png in Resources */,
				35B2D2411B841944002F262D /* Images.xcassets in Resources */,
			);
			runOnlyForDeploymentPostprocessing = 0;
		};
		35B2D2471B841944002F262D /* Resources */ = {
			isa = PBXResourcesBuildPhase;
			buildActionMask = 2147483647;
			files = (
			);
			runOnlyForDeploymentPostprocessing = 0;
		};
/* End PBXResourcesBuildPhase section */

/* Begin PBXSourcesBuildPhase section */
		35B2D2321B841944002F262D /* Sources */ = {
			isa = PBXSourcesBuildPhase;
			buildActionMask = 2147483647;
			files = (
				35B2D23F1B841944002F262D /* AppDelegate.m in Sources */,
				35B2D23C1B841944002F262D /* main.m in Sources */,
				35B2D2721B84E138002F262D /* BNRQuizViewController.m in Sources */,
				35B2D25B1B84196A002F262D /* BNRHypnosisView.m in Sources */,
				35B2D2611B841EFD002F262D /* BNRReminderViewController.m in Sources */,
				35B2D25E1B841A67002F262D /* BNRHypnosisViewController.m in Sources */,
			);
			runOnlyForDeploymentPostprocessing = 0;
		};
		35B2D2451B841944002F262D /* Sources */ = {
			isa = PBXSourcesBuildPhase;
			buildActionMask = 2147483647;
			files = (
				35B2D2501B841944002F262D /* HypnoNerdTests.m in Sources */,
			);
			runOnlyForDeploymentPostprocessing = 0;
		};
/* End PBXSourcesBuildPhase section */

/* Begin PBXTargetDependency section */
		35B2D24B1B841944002F262D /* PBXTargetDependency */ = {
			isa = PBXTargetDependency;
			target = 35B2D2351B841944002F262D /* HypnoNerd */;
			targetProxy = 35B2D24A1B841944002F262D /* PBXContainerItemProxy */;
		};
/* End PBXTargetDependency section */

/* Begin PBXVariantGroup section */
		35B2D2421B841944002F262D /* LaunchScreen.xib */ = {
			isa = PBXVariantGroup;
			children = (
				35B2D2431B841944002F262D /* Base */,
			);
			name = LaunchScreen.xib;
			sourceTree = "<group>";
		};
/* End PBXVariantGroup section */

/* Begin XCBuildConfiguration section */
		35B2D2511B841944002F262D /* Debug */ = {
			isa = XCBuildConfiguration;
			buildSettings = {
				ALWAYS_SEARCH_USER_PATHS = NO;
				CLANG_CXX_LANGUAGE_STANDARD = "gnu++0x";
				CLANG_CXX_LIBRARY = "libc++";
				CLANG_ENABLE_MODULES = YES;
				CLANG_ENABLE_OBJC_ARC = YES;
				CLANG_WARN_BOOL_CONVERSION = YES;
				CLANG_WARN_CONSTANT_CONVERSION = YES;
				CLANG_WARN_DIRECT_OBJC_ISA_USAGE = YES_ERROR;
				CLANG_WARN_EMPTY_BODY = YES;
				CLANG_WARN_ENUM_CONVERSION = YES;
				CLANG_WARN_INT_CONVERSION = YES;
				CLANG_WARN_OBJC_ROOT_CLASS = YES_ERROR;
				CLANG_WARN_UNREACHABLE_CODE = YES;
				CLANG_WARN__DUPLICATE_METHOD_MATCH = YES;
				"CODE_SIGN_IDENTITY[sdk=iphoneos*]" = "iPhone Developer";
				COPY_PHASE_STRIP = NO;
				DEBUG_INFORMATION_FORMAT = "dwarf-with-dsym";
				ENABLE_STRICT_OBJC_MSGSEND = YES;
				GCC_C_LANGUAGE_STANDARD = gnu99;
				GCC_DYNAMIC_NO_PIC = NO;
				GCC_NO_COMMON_BLOCKS = YES;
				GCC_OPTIMIZATION_LEVEL = 0;
				GCC_PREPROCESSOR_DEFINITIONS = (
					"DEBUG=1",
					"$(inherited)",
				);
				GCC_SYMBOLS_PRIVATE_EXTERN = NO;
				GCC_WARN_64_TO_32_BIT_CONVERSION = YES;
				GCC_WARN_ABOUT_RETURN_TYPE = YES_ERROR;
				GCC_WARN_UNDECLARED_SELECTOR = YES;
				GCC_WARN_UNINITIALIZED_AUTOS = YES_AGGRESSIVE;
				GCC_WARN_UNUSED_FUNCTION = YES;
				GCC_WARN_UNUSED_VARIABLE = YES;
				IPHONEOS_DEPLOYMENT_TARGET = 8.4;
				MTL_ENABLE_DEBUG_INFO = YES;
				ONLY_ACTIVE_ARCH = YES;
				SDKROOT = iphoneos;
			};
			name = Debug;
		};
		35B2D2521B841944002F262D /* Release */ = {
			isa = XCBuildConfiguration;
			buildSettings = {
				ALWAYS_SEARCH_USER_PATHS = NO;
				CLANG_CXX_LANGUAGE_STANDARD = "gnu++0x";
				CLANG_CXX_LIBRARY = "libc++";
				CLANG_ENABLE_MODULES = YES;
				CLANG_ENABLE_OBJC_ARC = YES;
				CLANG_WARN_BOOL_CONVERSION = YES;
				CLANG_WARN_CONSTANT_CONVERSION = YES;
				CLANG_WARN_DIRECT_OBJC_ISA_USAGE = YES_ERROR;
				CLANG_WARN_EMPTY_BODY = YES;
				CLANG_WARN_ENUM_CONVERSION = YES;
				CLANG_WARN_INT_CONVERSION = YES;
				CLANG_WARN_OBJC_ROOT_CLASS = YES_ERROR;
				CLANG_WARN_UNREACHABLE_CODE = YES;
				CLANG_WARN__DUPLICATE_METHOD_MATCH = YES;
				"CODE_SIGN_IDENTITY[sdk=iphoneos*]" = "iPhone Developer";
				COPY_PHASE_STRIP = NO;
				DEBUG_INFORMATION_FORMAT = "dwarf-with-dsym";
				ENABLE_NS_ASSERTIONS = NO;
				ENABLE_STRICT_OBJC_MSGSEND = YES;
				GCC_C_LANGUAGE_STANDARD = gnu99;
				GCC_NO_COMMON_BLOCKS = YES;
				GCC_WARN_64_TO_32_BIT_CONVERSION = YES;
				GCC_WARN_ABOUT_RETURN_TYPE = YES_ERROR;
				GCC_WARN_UNDECLARED_SELECTOR = YES;
				GCC_WARN_UNINITIALIZED_AUTOS = YES_AGGRESSIVE;
				GCC_WARN_UNUSED_FUNCTION = YES;
				GCC_WARN_UNUSED_VARIABLE = YES;
				IPHONEOS_DEPLOYMENT_TARGET = 8.4;
				MTL_ENABLE_DEBUG_INFO = NO;
				SDKROOT = iphoneos;
				VALIDATE_PRODUCT = YES;
			};
			name = Release;
		};
		35B2D2541B841944002F262D /* Debug */ = {
			isa = XCBuildConfiguration;
			buildSettings = {
				ASSETCATALOG_COMPILER_APPICON_NAME = AppIcon;
				INFOPLIST_FILE = HypnoNerd/Info.plist;
				LD_RUNPATH_SEARCH_PATHS = "$(inherited) @executable_path/Frameworks";
				PRODUCT_NAME = "$(TARGET_NAME)";
			};
			name = Debug;
		};
		35B2D2551B841944002F262D /* Release */ = {
			isa = XCBuildConfiguration;
			buildSettings = {
				ASSETCATALOG_COMPILER_APPICON_NAME = AppIcon;
				INFOPLIST_FILE = HypnoNerd/Info.plist;
				LD_RUNPATH_SEARCH_PATHS = "$(inherited) @executable_path/Frameworks";
				PRODUCT_NAME = "$(TARGET_NAME)";
			};
			name = Release;
		};
		35B2D2571B841944002F262D /* Debug */ = {
			isa = XCBuildConfiguration;
			buildSettings = {
				BUNDLE_LOADER = "$(TEST_HOST)";
				FRAMEWORK_SEARCH_PATHS = (
					"$(SDKROOT)/Developer/Library/Frameworks",
					"$(inherited)",
				);
				GCC_PREPROCESSOR_DEFINITIONS = (
					"DEBUG=1",
					"$(inherited)",
				);
				INFOPLIST_FILE = HypnoNerdTests/Info.plist;
				LD_RUNPATH_SEARCH_PATHS = "$(inherited) @executable_path/Frameworks @loader_path/Frameworks";
				PRODUCT_NAME = "$(TARGET_NAME)";
				TEST_HOST = "$(BUILT_PRODUCTS_DIR)/HypnoNerd.app/HypnoNerd";
			};
			name = Debug;
		};
		35B2D2581B841944002F262D /* Release */ = {
			isa = XCBuildConfiguration;
			buildSettings = {
				BUNDLE_LOADER = "$(TEST_HOST)";
				FRAMEWORK_SEARCH_PATHS = (
					"$(SDKROOT)/Developer/Library/Frameworks",
					"$(inherited)",
				);
				INFOPLIST_FILE = HypnoNerdTests/Info.plist;
				LD_RUNPATH_SEARCH_PATHS = "$(inherited) @executable_path/Frameworks @loader_path/Frameworks";
				PRODUCT_NAME = "$(TARGET_NAME)";
				TEST_HOST = "$(BUILT_PRODUCTS_DIR)/HypnoNerd.app/HypnoNerd";
			};
			name = Release;
		};
/* End XCBuildConfiguration section */

/* Begin XCConfigurationList section */
		35B2D2311B841944002F262D /* Build configuration list for PBXProject "HypnoNerd" */ = {
			isa = XCConfigurationList;
			buildConfigurations = (
				35B2D2511B841944002F262D /* Debug */,
				35B2D2521B841944002F262D /* Release */,
			);
			defaultConfigurationIsVisible = 0;
			defaultConfigurationName = Release;
		};
		35B2D2531B841944002F262D /* Build configuration list for PBXNativeTarget "HypnoNerd" */ = {
			isa = XCConfigurationList;
			buildConfigurations = (
				35B2D2541B841944002F262D /* Debug */,
				35B2D2551B841944002F262D /* Release */,
			);
			defaultConfigurationIsVisible = 0;
		};
		35B2D2561B841944002F262D /* Build configuration list for PBXNativeTarget "HypnoNerdTests" */ = {
			isa = XCConfigurationList;
			buildConfigurations = (
				35B2D2571B841944002F262D /* Debug */,
				35B2D2581B841944002F262D /* Release */,
			);
			defaultConfigurationIsVisible = 0;
		};
/* End XCConfigurationList section */
	};
	rootObject = 35B2D22E1B841944002F262D /* Project object */;
}
